
Microsoft Visual Studio Solution File, Format Version 12.00
# Visual Studio Version 17
VisualStudioVersion = 17.0.32014.148
MinimumVisualStudioVersion = 10.0.40219.1
Project("{9A19103F-16F7-4668-BE54-9A1E7A4F7556}") = "LinguagemProgramaçãoCsharpBasic", "PrimeiroProjetoBradesco\LinguagemProgramaçãoCsharpBasic.csproj", "{78ADCBEA-6924-4265-9788-B165C7C51EE7}"
EndProject
Global
	GlobalSection(SolutionConfigurationPlatforms) = preSolution
		Debug|Any CPU = Debug|Any CPU
		Release|Any CPU = Release|Any CPU
	EndGlobalSection
	GlobalSection(ProjectConfigurationPlatforms) = postSolution
		{78ADCBEA-6924-4265-9788-B165C7C51EE7}.Debug|Any CPU.ActiveCfg = Debug|Any CPU
		{78ADCBEA-6924-4265-9788-B165C7C51EE7}.Debug|Any CPU.Build.0 = Debug|Any CPU
		{78ADCBEA-6924-4265-9788-B165C7C51EE7}.Release|Any CPU.ActiveCfg = Release|Any CPU
		{78ADCBEA-6924-4265-9788-B165C7C51EE7}.Release|Any CPU.Build.0 = Release|Any CPU
	EndGlobalSection
	GlobalSection(SolutionProperties) = preSolution
		HideSolutionNode = FALSE
	EndGlobalSection
	GlobalSection(ExtensibilityGlobals) = postSolution
		SolutionGuid = {F2A70B7A-D221-469F-9740-D98599579B3F}
	EndGlobalSection
EndGlobal
